// !$*UTF8*$!
{
	archiveVersion = 1;
	classes = {
	};
	objectVersion = 46;
	objects = {

/* Begin PBXBuildFile section */
		1FF663D61A2512E700401E38 /* AppDelegate.swift in Sources */ = {isa = PBXBuildFile; fileRef = 1FF663D51A2512E700401E38 /* AppDelegate.swift */; };
		1FF663D81A2512E700401E38 /* ViewController.swift in Sources */ = {isa = PBXBuildFile; fileRef = 1FF663D71A2512E700401E38 /* ViewController.swift */; };
		1FF663DB1A2512E700401E38 /* Main.storyboard in Resources */ = {isa = PBXBuildFile; fileRef = 1FF663D91A2512E700401E38 /* Main.storyboard */; };
		1FF663DD1A2512E700401E38 /* Images.xcassets in Resources */ = {isa = PBXBuildFile; fileRef = 1FF663DC1A2512E700401E38 /* Images.xcassets */; };
		1FF663E01A2512E700401E38 /* LaunchScreen.xib in Resources */ = {isa = PBXBuildFile; fileRef = 1FF663DE1A2512E700401E38 /* LaunchScreen.xib */; };
		1FF663EC1A2512E700401E38 /* Desmond_s_PartTests.swift in Sources */ = {isa = PBXBuildFile; fileRef = 1FF663EB1A2512E700401E38 /* Desmond_s_PartTests.swift */; };
		1FF663FD1A252D9100401E38 /* BlurView.swift in Sources */ = {isa = PBXBuildFile; fileRef = 1FF663F81A252D9100401E38 /* BlurView.swift */; };
		1FF663FE1A252D9100401E38 /* Data.swift in Sources */ = {isa = PBXBuildFile; fileRef = 1FF663F91A252D9100401E38 /* Data.swift */; };
		1FF663FF1A252D9100401E38 /* DesignableView.swift in Sources */ = {isa = PBXBuildFile; fileRef = 1FF663FA1A252D9100401E38 /* DesignableView.swift */; };
		1FF664001A252D9100401E38 /* Misc.swift in Sources */ = {isa = PBXBuildFile; fileRef = 1FF663FB1A252D9100401E38 /* Misc.swift */; };
		1FF664011A252D9100401E38 /* SpringAnimation.swift in Sources */ = {isa = PBXBuildFile; fileRef = 1FF663FC1A252D9100401E38 /* SpringAnimation.swift */; };
/* End PBXBuildFile section */

/* Begin PBXContainerItemProxy section */
		1FF663E61A2512E700401E38 /* PBXContainerItemProxy */ = {
			isa = PBXContainerItemProxy;
			containerPortal = 1FF663C81A2512E700401E38 /* Project object */;
			proxyType = 1;
			remoteGlobalIDString = 1FF663CF1A2512E700401E38;
			remoteInfo = "Desmond's Part";
		};
/* End PBXContainerItemProxy section */

/* Begin PBXFileReference section */
		1FF663D01A2512E700401E38 /* Desmond's Part.app */ = {isa = PBXFileReference; explicitFileType = wrapper.application; includeInIndex = 0; path = "Desmond's Part.app"; sourceTree = BUILT_PRODUCTS_DIR; };
		1FF663D41A2512E700401E38 /* Info.plist */ = {isa = PBXFileReference; lastKnownFileType = text.plist.xml; path = Info.plist; sourceTree = "<group>"; };
		1FF663D51A2512E700401E38 /* AppDelegate.swift */ = {isa = PBXFileReference; lastKnownFileType = sourcecode.swift; path = AppDelegate.swift; sourceTree = "<group>"; };
		1FF663D71A2512E700401E38 /* ViewController.swift */ = {isa = PBXFileReference; lastKnownFileType = sourcecode.swift; path = ViewController.swift; sourceTree = "<group>"; };
		1FF663DA1A2512E700401E38 /* Base */ = {isa = PBXFileReference; lastKnownFileType = file.storyboard; name = Base; path = Base.lproj/Main.storyboard; sourceTree = "<group>"; };
		1FF663DC1A2512E700401E38 /* Images.xcassets */ = {isa = PBXFileReference; lastKnownFileType = folder.assetcatalog; path = Images.xcassets; sourceTree = "<group>"; };
		1FF663DF1A2512E700401E38 /* Base */ = {isa = PBXFileReference; lastKnownFileType = file.xib; name = Base; path = Base.lproj/LaunchScreen.xib; sourceTree = "<group>"; };
		1FF663E51A2512E700401E38 /* Desmond's PartTests.xctest */ = {isa = PBXFileReference; explicitFileType = wrapper.cfbundle; includeInIndex = 0; path = "Desmond's PartTests.xctest"; sourceTree = BUILT_PRODUCTS_DIR; };
		1FF663EA1A2512E700401E38 /* Info.plist */ = {isa = PBXFileReference; lastKnownFileType = text.plist.xml; path = Info.plist; sourceTree = "<group>"; };
		1FF663EB1A2512E700401E38 /* Desmond_s_PartTests.swift */ = {isa = PBXFileReference; lastKnownFileType = sourcecode.swift; path = Desmond_s_PartTests.swift; sourceTree = "<group>"; };
		1FF663F81A252D9100401E38 /* BlurView.swift */ = {isa = PBXFileReference; fileEncoding = 4; lastKnownFileType = sourcecode.swift; path = BlurView.swift; sourceTree = "<group>"; };
		1FF663F91A252D9100401E38 /* Data.swift */ = {isa = PBXFileReference; fileEncoding = 4; lastKnownFileType = sourcecode.swift; path = Data.swift; sourceTree = "<group>"; };
		1FF663FA1A252D9100401E38 /* DesignableView.swift */ = {isa = PBXFileReference; fileEncoding = 4; lastKnownFileType = sourcecode.swift; path = DesignableView.swift; sourceTree = "<group>"; };
		1FF663FB1A252D9100401E38 /* Misc.swift */ = {isa = PBXFileReference; fileEncoding = 4; lastKnownFileType = sourcecode.swift; path = Misc.swift; sourceTree = "<group>"; };
		1FF663FC1A252D9100401E38 /* SpringAnimation.swift */ = {isa = PBXFileReference; fileEncoding = 4; lastKnownFileType = sourcecode.swift; path = SpringAnimation.swift; sourceTree = "<group>"; };
/* End PBXFileReference section */

/* Begin PBXFrameworksBuildPhase section */
		1FF663CD1A2512E700401E38 /* Frameworks */ = {
			isa = PBXFrameworksBuildPhase;
			buildActionMask = 2147483647;
			files = (
			);
			runOnlyForDeploymentPostprocessing = 0;
		};
		1FF663E21A2512E700401E38 /* Frameworks */ = {
			isa = PBXFrameworksBuildPhase;
			buildActionMask = 2147483647;
			files = (
			);
			runOnlyForDeploymentPostprocessing = 0;
		};
/* End PBXFrameworksBuildPhase section */

/* Begin PBXGroup section */
		1FF663C71A2512E700401E38 = {
			isa = PBXGroup;
			children = (
				1FF663D21A2512E700401E38 /* Desmond's Part */,
				1FF663E81A2512E700401E38 /* Desmond's PartTests */,
				1FF663D11A2512E700401E38 /* Products */,
			);
			sourceTree = "<group>";
		};
		1FF663D11A2512E700401E38 /* Products */ = {
			isa = PBXGroup;
			children = (
				1FF663D01A2512E700401E38 /* Desmond's Part.app */,
				1FF663E51A2512E700401E38 /* Desmond's PartTests.xctest */,
			);
			name = Products;
			sourceTree = "<group>";
		};
		1FF663D21A2512E700401E38 /* Desmond's Part */ = {
			isa = PBXGroup;
			children = (
				1FF663F71A252D9100401E38 /* Spring */,
				1FF663D51A2512E700401E38 /* AppDelegate.swift */,
				1FF663D71A2512E700401E38 /* ViewController.swift */,
				1FF663D91A2512E700401E38 /* Main.storyboard */,
				1FF663DC1A2512E700401E38 /* Images.xcassets */,
				1FF663DE1A2512E700401E38 /* LaunchScreen.xib */,
				1FF663D31A2512E700401E38 /* Supporting Files */,
			);
			path = "Desmond's Part";
			sourceTree = "<group>";
		};
		1FF663D31A2512E700401E38 /* Supporting Files */ = {
			isa = PBXGroup;
			children = (
				1FF663D41A2512E700401E38 /* Info.plist */,
			);
			name = "Supporting Files";
			sourceTree = "<group>";
		};
		1FF663E81A2512E700401E38 /* Desmond's PartTests */ = {
			isa = PBXGroup;
			children = (
				1FF663EB1A2512E700401E38 /* Desmond_s_PartTests.swift */,
				1FF663E91A2512E700401E38 /* Supporting Files */,
			);
			path = "Desmond's PartTests";
			sourceTree = "<group>";
		};
		1FF663E91A2512E700401E38 /* Supporting Files */ = {
			isa = PBXGroup;
			children = (
				1FF663EA1A2512E700401E38 /* Info.plist */,
			);
			name = "Supporting Files";
			sourceTree = "<group>";
		};
		1FF663F71A252D9100401E38 /* Spring */ = {
			isa = PBXGroup;
			children = (
				1FF663F81A252D9100401E38 /* BlurView.swift */,
				1FF663F91A252D9100401E38 /* Data.swift */,
				1FF663FA1A252D9100401E38 /* DesignableView.swift */,
				1FF663FB1A252D9100401E38 /* Misc.swift */,
				1FF663FC1A252D9100401E38 /* SpringAnimation.swift */,
			);
			path = Spring;
			sourceTree = "<group>";
		};
/* End PBXGroup section */

/* Begin PBXNativeTarget section */
		1FF663CF1A2512E700401E38 /* Desmond's Part */ = {
			isa = PBXNativeTarget;
			buildConfigurationList = 1FF663EF1A2512E700401E38 /* Build configuration list for PBXNativeTarget "Desmond's Part" */;
			buildPhases = (
				1FF663CC1A2512E700401E38 /* Sources */,
				1FF663CD1A2512E700401E38 /* Frameworks */,
				1FF663CE1A2512E700401E38 /* Resources */,
			);
			buildRules = (
			);
			dependencies = (
			);
			name = "Desmond's Part";
			productName = "Desmond's Part";
			productReference = 1FF663D01A2512E700401E38 /* Desmond's Part.app */;
			productType = "com.apple.product-type.application";
		};
		1FF663E41A2512E700401E38 /* Desmond's PartTests */ = {
			isa = PBXNativeTarget;
			buildConfigurationList = 1FF663F21A2512E700401E38 /* Build configuration list for PBXNativeTarget "Desmond's PartTests" */;
			buildPhases = (
				1FF663E11A2512E700401E38 /* Sources */,
				1FF663E21A2512E700401E38 /* Frameworks */,
				1FF663E31A2512E700401E38 /* Resources */,
			);
			buildRules = (
			);
			dependencies = (
				1FF663E71A2512E700401E38 /* PBXTargetDependency */,
			);
			name = "Desmond's PartTests";
			productName = "Desmond's PartTests";
			productReference = 1FF663E51A2512E700401E38 /* Desmond's PartTests.xctest */;
			productType = "com.apple.product-type.bundle.unit-test";
		};
/* End PBXNativeTarget section */

/* Begin PBXProject section */
		1FF663C81A2512E700401E38 /* Project object */ = {
			isa = PBXProject;
			attributes = {
				LastUpgradeCheck = 0610;
				ORGANIZATIONNAME = Kemel;
				TargetAttributes = {
					1FF663CF1A2512E700401E38 = {
						CreatedOnToolsVersion = 6.1;
					};
					1FF663E41A2512E700401E38 = {
						CreatedOnToolsVersion = 6.1;
						TestTargetID = 1FF663CF1A2512E700401E38;
					};
				};
			};
			buildConfigurationList = 1FF663CB1A2512E700401E38 /* Build configuration list for PBXProject "Desmond's_Part" */;
			compatibilityVersion = "Xcode 3.2";
			developmentRegion = English;
			hasScannedForEncodings = 0;
			knownRegions = (
				en,
				Base,
			);
			mainGroup = 1FF663C71A2512E700401E38;
			productRefGroup = 1FF663D11A2512E700401E38 /* Products */;
			projectDirPath = "";
			projectRoot = "";
			targets = (
				1FF663CF1A2512E700401E38 /* Desmond's Part */,
				1FF663E41A2512E700401E38 /* Desmond's PartTests */,
			);
		};
/* End PBXProject section */

/* Begin PBXResourcesBuildPhase section */
		1FF663CE1A2512E700401E38 /* Resources */ = {
			isa = PBXResourcesBuildPhase;
			buildActionMask = 2147483647;
			files = (
				1FF663DB1A2512E700401E38 /* Main.storyboard in Resources */,
				1FF663E01A2512E700401E38 /* LaunchScreen.xib in Resources */,
				1FF663DD1A2512E700401E38 /* Images.xcassets in Resources */,
			);
			runOnlyForDeploymentPostprocessing = 0;
		};
		1FF663E31A2512E700401E38 /* Resources */ = {
			isa = PBXResourcesBuildPhase;
			buildActionMask = 2147483647;
			files = (
			);
			runOnlyForDeploymentPostprocessing = 0;
		};
/* End PBXResourcesBuildPhase section */

/* Begin PBXSourcesBuildPhase section */
		1FF663CC1A2512E700401E38 /* Sources */ = {
			isa = PBXSourcesBuildPhase;
			buildActionMask = 2147483647;
			files = (
				1FF663D81A2512E700401E38 /* ViewController.swift in Sources */,
				1FF663D61A2512E700401E38 /* AppDelegate.swift in Sources */,
				1FF663FD1A252D9100401E38 /* BlurView.swift in Sources */,
				1FF664001A252D9100401E38 /* Misc.swift in Sources */,
				1FF664011A252D9100401E38 /* SpringAnimation.swift in Sources */,
				1FF663FF1A252D9100401E38 /* DesignableView.swift in Sources */,
				1FF663FE1A252D9100401E38 /* Data.swift in Sources */,
			);
			runOnlyForDeploymentPostprocessing = 0;
		};
		1FF663E11A2512E700401E38 /* Sources */ = {
			isa = PBXSourcesBuildPhase;
			buildActionMask = 2147483647;
			files = (
				1FF663EC1A2512E700401E38 /* Desmond_s_PartTests.swift in Sources */,
			);
			runOnlyForDeploymentPostprocessing = 0;
		};
/* End PBXSourcesBuildPhase section */

/* Begin PBXTargetDependency section */
		1FF663E71A2512E700401E38 /* PBXTargetDependency */ = {
			isa = PBXTargetDependency;
			target = 1FF663CF1A2512E700401E38 /* Desmond's Part */;
			targetProxy = 1FF663E61A2512E700401E38 /* PBXContainerItemProxy */;
		};
/* End PBXTargetDependency section */

/* Begin PBXVariantGroup section */
		1FF663D91A2512E700401E38 /* Main.storyboard */ = {
			isa = PBXVariantGroup;
			children = (
				1FF663DA1A2512E700401E38 /* Base */,
			);
			name = Main.storyboard;
			sourceTree = "<group>";
		};
		1FF663DE1A2512E700401E38 /* LaunchScreen.xib */ = {
			isa = PBXVariantGroup;
			children = (
				1FF663DF1A2512E700401E38 /* Base */,
			);
			name = LaunchScreen.xib;
			sourceTree = "<group>";
		};
/* End PBXVariantGroup section */

/* Begin XCBuildConfiguration section */
		1FF663ED1A2512E700401E38 /* Debug */ = {
			isa = XCBuildConfiguration;
			buildSettings = {
				ALWAYS_SEARCH_USER_PATHS = NO;
				CLANG_CXX_LANGUAGE_STANDARD = "gnu++0x";
				CLANG_CXX_LIBRARY = "libc++";
				CLANG_ENABLE_MODULES = YES;
				CLANG_ENABLE_OBJC_ARC = YES;
				CLANG_WARN_BOOL_CONVERSION = YES;
				CLANG_WARN_CONSTANT_CONVERSION = YES;
				CLANG_WARN_DIRECT_OBJC_ISA_USAGE = YES_ERROR;
				CLANG_WARN_EMPTY_BODY = YES;
				CLANG_WARN_ENUM_CONVERSION = YES;
				CLANG_WARN_INT_CONVERSION = YES;
				CLANG_WARN_OBJC_ROOT_CLASS = YES_ERROR;
				CLANG_WARN_UNREACHABLE_CODE = YES;
				CLANG_WARN__DUPLICATE_METHOD_MATCH = YES;
				"CODE_SIGN_IDENTITY[sdk=iphoneos*]" = "iPhone Developer";
				COPY_PHASE_STRIP = NO;
				ENABLE_STRICT_OBJC_MSGSEND = YES;
				GCC_C_LANGUAGE_STANDARD = gnu99;
				GCC_DYNAMIC_NO_PIC = NO;
				GCC_OPTIMIZATION_LEVEL = 0;
				GCC_PREPROCESSOR_DEFINITIONS = (
					"DEBUG=1",
					"$(inherited)",
				);
				GCC_SYMBOLS_PRIVATE_EXTERN = NO;
				GCC_WARN_64_TO_32_BIT_CONVERSION = YES;
				GCC_WARN_ABOUT_RETURN_TYPE = YES_ERROR;
				GCC_WARN_UNDECLARED_SELECTOR = YES;
				GCC_WARN_UNINITIALIZED_AUTOS = YES_AGGRESSIVE;
				GCC_WARN_UNUSED_FUNCTION = YES;
				GCC_WARN_UNUSED_VARIABLE = YES;
				IPHONEOS_DEPLOYMENT_TARGET = 8.1;
				MTL_ENABLE_DEBUG_INFO = YES;
				ONLY_ACTIVE_ARCH = YES;
				SDKROOT = iphoneos;
				SWIFT_OPTIMIZATION_LEVEL = "-Onone";
				TARGETED_DEVICE_FAMILY = "1,2";
			};
			name = Debug;
		};
		1FF663EE1A2512E700401E38 /* Release */ = {
			isa = XCBuildConfiguration;
			buildSettings = {
				ALWAYS_SEARCH_USER_PATHS = NO;
				CLANG_CXX_LANGUAGE_STANDARD = "gnu++0x";
				CLANG_CXX_LIBRARY = "libc++";
				CLANG_ENABLE_MODULES = YES;
				CLANG_ENABLE_OBJC_ARC = YES;
				CLANG_WARN_BOOL_CONVERSION = YES;
				CLANG_WARN_CONSTANT_CONVERSION = YES;
				CLANG_WARN_DIRECT_OBJC_ISA_USAGE = YES_ERROR;
				CLANG_WARN_EMPTY_BODY = YES;
				CLANG_WARN_ENUM_CONVERSION = YES;
				CLANG_WARN_INT_CONVERSION = YES;
				CLANG_WARN_OBJC_ROOT_CLASS = YES_ERROR;
				CLANG_WARN_UNREACHABLE_CODE = YES;
				CLANG_WARN__DUPLICATE_METHOD_MATCH = YES;
				"CODE_SIGN_IDENTITY[sdk=iphoneos*]" = "iPhone Developer";
				COPY_PHASE_STRIP = YES;
				ENABLE_NS_ASSERTIONS = NO;
				ENABLE_STRICT_OBJC_MSGSEND = YES;
				GCC_C_LANGUAGE_STANDARD = gnu99;
				GCC_WARN_64_TO_32_BIT_CONVERSION = YES;
				GCC_WARN_ABOUT_RETURN_TYPE = YES_ERROR;
				GCC_WARN_UNDECLARED_SELECTOR = YES;
				GCC_WARN_UNINITIALIZED_AUTOS = YES_AGGRESSIVE;
				GCC_WARN_UNUSED_FUNCTION = YES;
				GCC_WARN_UNUSED_VARIABLE = YES;
				IPHONEOS_DEPLOYMENT_TARGET = 8.1;
				MTL_ENABLE_DEBUG_INFO = NO;
				SDKROOT = iphoneos;
				TARGETED_DEVICE_FAMILY = "1,2";
				VALIDATE_PRODUCT = YES;
			};
			name = Release;
		};
		1FF663F01A2512E700401E38 /* Debug */ = {
			isa = XCBuildConfiguration;
			buildSettings = {
				ASSETCATALOG_COMPILER_APPICON_NAME = AppIcon;
				INFOPLIST_FILE = "Desmond's Part/Info.plist";
				LD_RUNPATH_SEARCH_PATHS = "$(inherited) @executable_path/Frameworks";
				PRODUCT_NAME = "$(TARGET_NAME)";
			};
			name = Debug;
		};
		1FF663F11A2512E700401E38 /* Release */ = {
			isa = XCBuildConfiguration;
			buildSettings = {
				ASSETCATALOG_COMPILER_APPICON_NAME = AppIcon;
				INFOPLIST_FILE = "Desmond's Part/Info.plist";
				LD_RUNPATH_SEARCH_PATHS = "$(inherited) @executable_path/Frameworks";
				PRODUCT_NAME = "$(TARGET_NAME)";
			};
			name = Release;
		};
		1FF663F31A2512E700401E38 /* Debug */ = {
			isa = XCBuildConfiguration;
			buildSettings = {
				BUNDLE_LOADER = "$(TEST_HOST)";
				FRAMEWORK_SEARCH_PATHS = (
					"$(SDKROOT)/Developer/Library/Frameworks",
					"$(inherited)",
				);
				GCC_PREPROCESSOR_DEFINITIONS = (
					"DEBUG=1",
					"$(inherited)",
				);
				INFOPLIST_FILE = "Desmond's PartTests/Info.plist";
				LD_RUNPATH_SEARCH_PATHS = "$(inherited) @executable_path/Frameworks @loader_path/Frameworks";
				PRODUCT_NAME = "$(TARGET_NAME)";
				TEST_HOST = "$(BUILT_PRODUCTS_DIR)/Desmond's Part.app/Desmond's Part";
			};
			name = Debug;
		};
		1FF663F41A2512E700401E38 /* Release */ = {
			isa = XCBuildConfiguration;
			buildSettings = {
				BUNDLE_LOADER = "$(TEST_HOST)";
				FRAMEWORK_SEARCH_PATHS = (
					"$(SDKROOT)/Developer/Library/Frameworks",
					"$(inherited)",
				);
				INFOPLIST_FILE = "Desmond's PartTests/Info.plist";
				LD_RUNPATH_SEARCH_PATHS = "$(inherited) @executable_path/Frameworks @loader_path/Frameworks";
				PRODUCT_NAME = "$(TARGET_NAME)";
				TEST_HOST = "$(BUILT_PRODUCTS_DIR)/Desmond's Part.app/Desmond's Part";
			};
			name = Release;
		};
/* End XCBuildConfiguration section */

/* Begin XCConfigurationList section */
		1FF663CB1A2512E700401E38 /* Build configuration list for PBXProject "Desmond's_Part" */ = {
			isa = XCConfigurationList;
			buildConfigurations = (
				1FF663ED1A2512E700401E38 /* Debug */,
				1FF663EE1A2512E700401E38 /* Release */,
			);
			defaultConfigurationIsVisible = 0;
			defaultConfigurationName = Release;
		};
		1FF663EF1A2512E700401E38 /* Build configuration list for PBXNativeTarget "Desmond's Part" */ = {
			isa = XCConfigurationList;
			buildConfigurations = (
				1FF663F01A2512E700401E38 /* Debug */,
				1FF663F11A2512E700401E38 /* Release */,
			);
			defaultConfigurationIsVisible = 0;
			defaultConfigurationName = Release;
		};
		1FF663F21A2512E700401E38 /* Build configuration list for PBXNativeTarget "Desmond's PartTests" */ = {
			isa = XCConfigurationList;
			buildConfigurations = (
				1FF663F31A2512E700401E38 /* Debug */,
				1FF663F41A2512E700401E38 /* Release */,
			);
			defaultConfigurationIsVisible = 0;
			defaultConfigurationName = Release;
		};
/* End XCConfigurationList section */
	};
	rootObject = 1FF663C81A2512E700401E38 /* Project object */;
}
